# [Generated] | Фиксация точных версий всех зависимостей включая транзитивные для воспроизводимости сборок генерируется cargo при первой сборке коммитить для бинарных проектов обновлять cargo update при добавлении зависимостей | ЗАВИСИТ_ОТ: Cargo.toml всех крейтов | ПРОВЕРКИ: cargo check --locked fail если устарел не коммитить конфликты разрешать руками
